// !$*UTF8*$!
{
	archiveVersion = 1;
	classes = {
	};
	objectVersion = 50;
	objects = {

/* Begin PBXBuildFile section */
		CEED7EDD25A682E8C4914CA1 /* Pods_Swift_flow.framework in Frameworks */ = {isa = PBXBuildFile; fileRef = 15513CE372D5E5502920C848 /* Pods_Swift_flow.framework */; };
		D10117CE221540F50049097D /* FMRecommendHeaderCell.swift in Sources */ = {isa = PBXBuildFile; fileRef = D10117CD221540F50049097D /* FMRecommendHeaderCell.swift */; };
		D10117DA221541580049097D /* LICENSE in Resources */ = {isa = PBXBuildFile; fileRef = D10117D0221541580049097D /* LICENSE */; };
		D10117DB221541580049097D /* README-OBJECTIVE-C.md in Resources */ = {isa = PBXBuildFile; fileRef = D10117D1221541580049097D /* README-OBJECTIVE-C.md */; };
		D10117DC221541580049097D /* FSPagerView.swift in Sources */ = {isa = PBXBuildFile; fileRef = D10117D3221541580049097D /* FSPagerView.swift */; };
		D10117DD221541580049097D /* FSPageViewTransformer.swift in Sources */ = {isa = PBXBuildFile; fileRef = D10117D4221541580049097D /* FSPageViewTransformer.swift */; };
		D10117DE221541580049097D /* FSPagerViewCell.swift in Sources */ = {isa = PBXBuildFile; fileRef = D10117D5221541580049097D /* FSPagerViewCell.swift */; };
		D10117DF221541580049097D /* FSPagerViewLayoutAttributes.swift in Sources */ = {isa = PBXBuildFile; fileRef = D10117D6221541580049097D /* FSPagerViewLayoutAttributes.swift */; };
		D10117E0221541580049097D /* FSPageViewLayout.swift in Sources */ = {isa = PBXBuildFile; fileRef = D10117D7221541580049097D /* FSPageViewLayout.swift */; };
		D10117E1221541580049097D /* FSPageControl.swift in Sources */ = {isa = PBXBuildFile; fileRef = D10117D8221541580049097D /* FSPageControl.swift */; };
		D10117E2221541580049097D /* FSPagerCollectionView.swift in Sources */ = {isa = PBXBuildFile; fileRef = D10117D9221541580049097D /* FSPagerCollectionView.swift */; };
		E11B6C782212B3BC0002FB76 /* Transparent@2x.png in Resources */ = {isa = PBXBuildFile; fileRef = E11B6C772212B3BC0002FB76 /* Transparent@2x.png */; };
		E11B6C7C2212B4070002FB76 /* FMHomeViewController.swift in Sources */ = {isa = PBXBuildFile; fileRef = E11B6C7B2212B4070002FB76 /* FMHomeViewController.swift */; };
		E11B6C7E2212B6BE0002FB76 /* Const.swift in Sources */ = {isa = PBXBuildFile; fileRef = E11B6C7D2212B6BE0002FB76 /* Const.swift */; };
		E11B6C812212BABD0002FB76 /* YYBasicContentView.swift in Sources */ = {isa = PBXBuildFile; fileRef = E11B6C802212BABD0002FB76 /* YYBasicContentView.swift */; };
		E11B6C832212BB620002FB76 /* YYBouncesContentView.swift in Sources */ = {isa = PBXBuildFile; fileRef = E11B6C822212BB620002FB76 /* YYBouncesContentView.swift */; };
		E11B6C852212C0AB0002FB76 /* YYIrregularityBasicContentView.swift in Sources */ = {isa = PBXBuildFile; fileRef = E11B6C842212C0AB0002FB76 /* YYIrregularityBasicContentView.swift */; };
		E11B6C872212C33D0002FB76 /* YYNavigationController.swift in Sources */ = {isa = PBXBuildFile; fileRef = E11B6C862212C33D0002FB76 /* YYNavigationController.swift */; };
		E11B6C902212C5080002FB76 /* WRNavigationBar.swift in Sources */ = {isa = PBXBuildFile; fileRef = E11B6C8A2212C5080002FB76 /* WRNavigationBar.swift */; };
		E11B6C912212C5080002FB76 /* WRCustomNavigationBar.swift in Sources */ = {isa = PBXBuildFile; fileRef = E11B6C8B2212C5080002FB76 /* WRCustomNavigationBar.swift */; };
		E11B6C922212C5080002FB76 /* WRProxy.swift in Sources */ = {isa = PBXBuildFile; fileRef = E11B6C8D2212C5080002FB76 /* WRProxy.swift */; };
		E11B6C932212C5080002FB76 /* WRCycleScrollView.swift in Sources */ = {isa = PBXBuildFile; fileRef = E11B6C8E2212C5080002FB76 /* WRCycleScrollView.swift */; };
		E11B6C942212C5080002FB76 /* WRCycleCell.swift in Sources */ = {isa = PBXBuildFile; fileRef = E11B6C8F2212C5080002FB76 /* WRCycleCell.swift */; };
		E11B6C9A2212C7380002FB76 /* FMFindController.swift in Sources */ = {isa = PBXBuildFile; fileRef = E11B6C992212C7380002FB76 /* FMFindController.swift */; };
		E11B6C9C2212C7540002FB76 /* FMListenController.swift in Sources */ = {isa = PBXBuildFile; fileRef = E11B6C9B2212C7540002FB76 /* FMListenController.swift */; };
		E11B6C9E2212C76B0002FB76 /* FMMineController.swift in Sources */ = {isa = PBXBuildFile; fileRef = E11B6C9D2212C76B0002FB76 /* FMMineController.swift */; };
		E11B6CA02212C78B0002FB76 /* FMPlayController.swift in Sources */ = {isa = PBXBuildFile; fileRef = E11B6C9F2212C78B0002FB76 /* FMPlayController.swift */; };
		E11B6CA22212CBDF0002FB76 /* home@2x.png in Resources */ = {isa = PBXBuildFile; fileRef = E11B6CA12212CBDF0002FB76 /* home@2x.png */; };
		E11B6CA42212CBF10002FB76 /* tab_play@2x.png in Resources */ = {isa = PBXBuildFile; fileRef = E11B6CA32212CBF10002FB76 /* tab_play@2x.png */; };
		E11B6CA62212CBFC0002FB76 /* find@2x.png in Resources */ = {isa = PBXBuildFile; fileRef = E11B6CA52212CBFC0002FB76 /* find@2x.png */; };
		E11B6CA82212CC080002FB76 /* favor@2x.png in Resources */ = {isa = PBXBuildFile; fileRef = E11B6CA72212CC080002FB76 /* favor@2x.png */; };
		E11B6CAA2212CC0F0002FB76 /* find_1@2x.png in Resources */ = {isa = PBXBuildFile; fileRef = E11B6CA92212CC0F0002FB76 /* find_1@2x.png */; };
		E11B6CAC2212D00A0002FB76 /* HomeBaseViewController.swift in Sources */ = {isa = PBXBuildFile; fileRef = E11B6CAB2212D00A0002FB76 /* HomeBaseViewController.swift */; };
		E11B6CAE2212D0450002FB76 /* HomeRecommendController.swift in Sources */ = {isa = PBXBuildFile; fileRef = E11B6CAD2212D0450002FB76 /* HomeRecommendController.swift */; };
		E11B6CB02212D1FC0002FB76 /* HomeVIPController.swift in Sources */ = {isa = PBXBuildFile; fileRef = E11B6CAF2212D1FC0002FB76 /* HomeVIPController.swift */; };
		E11B6CB22212D20F0002FB76 /* HomeLiveController.swift in Sources */ = {isa = PBXBuildFile; fileRef = E11B6CB12212D20F0002FB76 /* HomeLiveController.swift */; };
		E11B6CB42212D21F0002FB76 /* HomeBroadcastController.swift in Sources */ = {isa = PBXBuildFile; fileRef = E11B6CB32212D21F0002FB76 /* HomeBroadcastController.swift */; };
		E11B6CB62212D2400002FB76 /* HomeClassifyController.swift in Sources */ = {isa = PBXBuildFile; fileRef = E11B6CB52212D2400002FB76 /* HomeClassifyController.swift */; };
		E1761BDE22112CD000F812BA /* AppDelegate.swift in Sources */ = {isa = PBXBuildFile; fileRef = E1761BDD22112CD000F812BA /* AppDelegate.swift */; };
		E1761BE022112CD000F812BA /* ViewController.swift in Sources */ = {isa = PBXBuildFile; fileRef = E1761BDF22112CD000F812BA /* ViewController.swift */; };
		E1761BE322112CD000F812BA /* Main.storyboard in Resources */ = {isa = PBXBuildFile; fileRef = E1761BE122112CD000F812BA /* Main.storyboard */; };
		E1761BE622112CD000F812BA /* Swift_flow.xcdatamodeld in Sources */ = {isa = PBXBuildFile; fileRef = E1761BE422112CD000F812BA /* Swift_flow.xcdatamodeld */; };
		E1761BE822112CD000F812BA /* Assets.xcassets in Resources */ = {isa = PBXBuildFile; fileRef = E1761BE722112CD000F812BA /* Assets.xcassets */; };
		E1761BEB22112CD000F812BA /* LaunchScreen.storyboard in Resources */ = {isa = PBXBuildFile; fileRef = E1761BE922112CD000F812BA /* LaunchScreen.storyboard */; };
		E1761BF622112CD000F812BA /* Swift_flowTests.swift in Sources */ = {isa = PBXBuildFile; fileRef = E1761BF522112CD000F812BA /* Swift_flowTests.swift */; };
		E1761C0122112CD000F812BA /* Swift_flowUITests.swift in Sources */ = {isa = PBXBuildFile; fileRef = E1761C0022112CD000F812BA /* Swift_flowUITests.swift */; };
		E1B5059422115C5300E552BB /* NextViewController.swift in Sources */ = {isa = PBXBuildFile; fileRef = E1B5059222115C5300E552BB /* NextViewController.swift */; };
		E1B5059522115C5300E552BB /* NextViewController.xib in Resources */ = {isa = PBXBuildFile; fileRef = E1B5059322115C5300E552BB /* NextViewController.xib */; };
		E1EB178E2213F8CC0061C9A3 /* HomeRecommendModel.swift in Sources */ = {isa = PBXBuildFile; fileRef = E1EB178D2213F8CC0061C9A3 /* HomeRecommendModel.swift */; };
		E1EB179122141DF80061C9A3 /* FMRecommendHeaderView.swift in Sources */ = {isa = PBXBuildFile; fileRef = E1EB179022141DF80061C9A3 /* FMRecommendHeaderView.swift */; };
/* End PBXBuildFile section */

/* Begin PBXContainerItemProxy section */
		E1761BF222112CD000F812BA /* PBXContainerItemProxy */ = {
			isa = PBXContainerItemProxy;
			containerPortal = E1761BD222112CD000F812BA /* Project object */;
			proxyType = 1;
			remoteGlobalIDString = E1761BD922112CD000F812BA;
			remoteInfo = "Swift-flow";
		};
		E1761BFD22112CD000F812BA /* PBXContainerItemProxy */ = {
			isa = PBXContainerItemProxy;
			containerPortal = E1761BD222112CD000F812BA /* Project object */;
			proxyType = 1;
			remoteGlobalIDString = E1761BD922112CD000F812BA;
			remoteInfo = "Swift-flow";
		};
/* End PBXContainerItemProxy section */

/* Begin PBXFileReference section */
		15513CE372D5E5502920C848 /* Pods_Swift_flow.framework */ = {isa = PBXFileReference; explicitFileType = wrapper.framework; includeInIndex = 0; path = Pods_Swift_flow.framework; sourceTree = BUILT_PRODUCTS_DIR; };
		7B757FEA6C8CC517D16D3A89 /* Pods-Swift-flow.debug.xcconfig */ = {isa = PBXFileReference; includeInIndex = 1; lastKnownFileType = text.xcconfig; name = "Pods-Swift-flow.debug.xcconfig"; path = "Target Support Files/Pods-Swift-flow/Pods-Swift-flow.debug.xcconfig"; sourceTree = "<group>"; };
		AA769C7E3E5C066AC0FA0D49 /* Pods-Swift-flow.release.xcconfig */ = {isa = PBXFileReference; includeInIndex = 1; lastKnownFileType = text.xcconfig; name = "Pods-Swift-flow.release.xcconfig"; path = "Target Support Files/Pods-Swift-flow/Pods-Swift-flow.release.xcconfig"; sourceTree = "<group>"; };
		D10117CD221540F50049097D /* FMRecommendHeaderCell.swift */ = {isa = PBXFileReference; lastKnownFileType = sourcecode.swift; path = FMRecommendHeaderCell.swift; sourceTree = "<group>"; };
		D10117D0221541580049097D /* LICENSE */ = {isa = PBXFileReference; fileEncoding = 4; lastKnownFileType = text; path = LICENSE; sourceTree = "<group>"; };
		D10117D1221541580049097D /* README-OBJECTIVE-C.md */ = {isa = PBXFileReference; fileEncoding = 4; lastKnownFileType = net.daringfireball.markdown; path = "README-OBJECTIVE-C.md"; sourceTree = "<group>"; };
		D10117D3221541580049097D /* FSPagerView.swift */ = {isa = PBXFileReference; fileEncoding = 4; lastKnownFileType = sourcecode.swift; path = FSPagerView.swift; sourceTree = "<group>"; };
		D10117D4221541580049097D /* FSPageViewTransformer.swift */ = {isa = PBXFileReference; fileEncoding = 4; lastKnownFileType = sourcecode.swift; path = FSPageViewTransformer.swift; sourceTree = "<group>"; };
		D10117D5221541580049097D /* FSPagerViewCell.swift */ = {isa = PBXFileReference; fileEncoding = 4; lastKnownFileType = sourcecode.swift; path = FSPagerViewCell.swift; sourceTree = "<group>"; };
		D10117D6221541580049097D /* FSPagerViewLayoutAttributes.swift */ = {isa = PBXFileReference; fileEncoding = 4; lastKnownFileType = sourcecode.swift; path = FSPagerViewLayoutAttributes.swift; sourceTree = "<group>"; };
		D10117D7221541580049097D /* FSPageViewLayout.swift */ = {isa = PBXFileReference; fileEncoding = 4; lastKnownFileType = sourcecode.swift; path = FSPageViewLayout.swift; sourceTree = "<group>"; };
		D10117D8221541580049097D /* FSPageControl.swift */ = {isa = PBXFileReference; fileEncoding = 4; lastKnownFileType = sourcecode.swift; path = FSPageControl.swift; sourceTree = "<group>"; };
		D10117D9221541580049097D /* FSPagerCollectionView.swift */ = {isa = PBXFileReference; fileEncoding = 4; lastKnownFileType = sourcecode.swift; path = FSPagerCollectionView.swift; sourceTree = "<group>"; };
		E11B6C772212B3BC0002FB76 /* Transparent@2x.png */ = {isa = PBXFileReference; lastKnownFileType = image.png; path = "Transparent@2x.png"; sourceTree = "<group>"; };
		E11B6C7B2212B4070002FB76 /* FMHomeViewController.swift */ = {isa = PBXFileReference; lastKnownFileType = sourcecode.swift; path = FMHomeViewController.swift; sourceTree = "<group>"; };
		E11B6C7D2212B6BE0002FB76 /* Const.swift */ = {isa = PBXFileReference; lastKnownFileType = sourcecode.swift; path = Const.swift; sourceTree = "<group>"; };
		E11B6C802212BABD0002FB76 /* YYBasicContentView.swift */ = {isa = PBXFileReference; lastKnownFileType = sourcecode.swift; path = YYBasicContentView.swift; sourceTree = "<group>"; };
		E11B6C822212BB620002FB76 /* YYBouncesContentView.swift */ = {isa = PBXFileReference; lastKnownFileType = sourcecode.swift; path = YYBouncesContentView.swift; sourceTree = "<group>"; };
		E11B6C842212C0AB0002FB76 /* YYIrregularityBasicContentView.swift */ = {isa = PBXFileReference; lastKnownFileType = sourcecode.swift; path = YYIrregularityBasicContentView.swift; sourceTree = "<group>"; };
		E11B6C862212C33D0002FB76 /* YYNavigationController.swift */ = {isa = PBXFileReference; lastKnownFileType = sourcecode.swift; path = YYNavigationController.swift; sourceTree = "<group>"; };
		E11B6C8A2212C5080002FB76 /* WRNavigationBar.swift */ = {isa = PBXFileReference; fileEncoding = 4; lastKnownFileType = sourcecode.swift; path = WRNavigationBar.swift; sourceTree = "<group>"; };
		E11B6C8B2212C5080002FB76 /* WRCustomNavigationBar.swift */ = {isa = PBXFileReference; fileEncoding = 4; lastKnownFileType = sourcecode.swift; path = WRCustomNavigationBar.swift; sourceTree = "<group>"; };
		E11B6C8D2212C5080002FB76 /* WRProxy.swift */ = {isa = PBXFileReference; fileEncoding = 4; lastKnownFileType = sourcecode.swift; path = WRProxy.swift; sourceTree = "<group>"; };
		E11B6C8E2212C5080002FB76 /* WRCycleScrollView.swift */ = {isa = PBXFileReference; fileEncoding = 4; lastKnownFileType = sourcecode.swift; path = WRCycleScrollView.swift; sourceTree = "<group>"; };
		E11B6C8F2212C5080002FB76 /* WRCycleCell.swift */ = {isa = PBXFileReference; fileEncoding = 4; lastKnownFileType = sourcecode.swift; path = WRCycleCell.swift; sourceTree = "<group>"; };
		E11B6C992212C7380002FB76 /* FMFindController.swift */ = {isa = PBXFileReference; lastKnownFileType = sourcecode.swift; path = FMFindController.swift; sourceTree = "<group>"; };
		E11B6C9B2212C7540002FB76 /* FMListenController.swift */ = {isa = PBXFileReference; lastKnownFileType = sourcecode.swift; path = FMListenController.swift; sourceTree = "<group>"; };
		E11B6C9D2212C76B0002FB76 /* FMMineController.swift */ = {isa = PBXFileReference; lastKnownFileType = sourcecode.swift; path = FMMineController.swift; sourceTree = "<group>"; };
		E11B6C9F2212C78B0002FB76 /* FMPlayController.swift */ = {isa = PBXFileReference; lastKnownFileType = sourcecode.swift; path = FMPlayController.swift; sourceTree = "<group>"; };
		E11B6CA12212CBDF0002FB76 /* home@2x.png */ = {isa = PBXFileReference; lastKnownFileType = image.png; path = "home@2x.png"; sourceTree = "<group>"; };
		E11B6CA32212CBF10002FB76 /* tab_play@2x.png */ = {isa = PBXFileReference; lastKnownFileType = image.png; path = "tab_play@2x.png"; sourceTree = "<group>"; };
		E11B6CA52212CBFC0002FB76 /* find@2x.png */ = {isa = PBXFileReference; lastKnownFileType = image.png; path = "find@2x.png"; sourceTree = "<group>"; };
		E11B6CA72212CC080002FB76 /* favor@2x.png */ = {isa = PBXFileReference; lastKnownFileType = image.png; path = "favor@2x.png"; sourceTree = "<group>"; };
		E11B6CA92212CC0F0002FB76 /* find_1@2x.png */ = {isa = PBXFileReference; lastKnownFileType = image.png; path = "find_1@2x.png"; sourceTree = "<group>"; };
		E11B6CAB2212D00A0002FB76 /* HomeBaseViewController.swift */ = {isa = PBXFileReference; lastKnownFileType = sourcecode.swift; path = HomeBaseViewController.swift; sourceTree = "<group>"; };
		E11B6CAD2212D0450002FB76 /* HomeRecommendController.swift */ = {isa = PBXFileReference; lastKnownFileType = sourcecode.swift; path = HomeRecommendController.swift; sourceTree = "<group>"; };
		E11B6CAF2212D1FC0002FB76 /* HomeVIPController.swift */ = {isa = PBXFileReference; lastKnownFileType = sourcecode.swift; path = HomeVIPController.swift; sourceTree = "<group>"; };
		E11B6CB12212D20F0002FB76 /* HomeLiveController.swift */ = {isa = PBXFileReference; lastKnownFileType = sourcecode.swift; path = HomeLiveController.swift; sourceTree = "<group>"; };
		E11B6CB32212D21F0002FB76 /* HomeBroadcastController.swift */ = {isa = PBXFileReference; lastKnownFileType = sourcecode.swift; path = HomeBroadcastController.swift; sourceTree = "<group>"; };
		E11B6CB52212D2400002FB76 /* HomeClassifyController.swift */ = {isa = PBXFileReference; lastKnownFileType = sourcecode.swift; path = HomeClassifyController.swift; sourceTree = "<group>"; };
		E1761BDA22112CD000F812BA /* Swift-flow.app */ = {isa = PBXFileReference; explicitFileType = wrapper.application; includeInIndex = 0; path = "Swift-flow.app"; sourceTree = BUILT_PRODUCTS_DIR; };
		E1761BDD22112CD000F812BA /* AppDelegate.swift */ = {isa = PBXFileReference; lastKnownFileType = sourcecode.swift; path = AppDelegate.swift; sourceTree = "<group>"; };
		E1761BDF22112CD000F812BA /* ViewController.swift */ = {isa = PBXFileReference; lastKnownFileType = sourcecode.swift; path = ViewController.swift; sourceTree = "<group>"; };
		E1761BE222112CD000F812BA /* Base */ = {isa = PBXFileReference; lastKnownFileType = file.storyboard; name = Base; path = Base.lproj/Main.storyboard; sourceTree = "<group>"; };
		E1761BE522112CD000F812BA /* Swift_flow.xcdatamodel */ = {isa = PBXFileReference; lastKnownFileType = wrapper.xcdatamodel; path = Swift_flow.xcdatamodel; sourceTree = "<group>"; };
		E1761BE722112CD000F812BA /* Assets.xcassets */ = {isa = PBXFileReference; lastKnownFileType = folder.assetcatalog; path = Assets.xcassets; sourceTree = "<group>"; };
		E1761BEA22112CD000F812BA /* Base */ = {isa = PBXFileReference; lastKnownFileType = file.storyboard; name = Base; path = Base.lproj/LaunchScreen.storyboard; sourceTree = "<group>"; };
		E1761BEC22112CD000F812BA /* Info.plist */ = {isa = PBXFileReference; lastKnownFileType = text.plist.xml; path = Info.plist; sourceTree = "<group>"; };
		E1761BF122112CD000F812BA /* Swift-flowTests.xctest */ = {isa = PBXFileReference; explicitFileType = wrapper.cfbundle; includeInIndex = 0; path = "Swift-flowTests.xctest"; sourceTree = BUILT_PRODUCTS_DIR; };
		E1761BF522112CD000F812BA /* Swift_flowTests.swift */ = {isa = PBXFileReference; lastKnownFileType = sourcecode.swift; path = Swift_flowTests.swift; sourceTree = "<group>"; };
		E1761BF722112CD000F812BA /* Info.plist */ = {isa = PBXFileReference; lastKnownFileType = text.plist.xml; path = Info.plist; sourceTree = "<group>"; };
		E1761BFC22112CD000F812BA /* Swift-flowUITests.xctest */ = {isa = PBXFileReference; explicitFileType = wrapper.cfbundle; includeInIndex = 0; path = "Swift-flowUITests.xctest"; sourceTree = BUILT_PRODUCTS_DIR; };
		E1761C0022112CD000F812BA /* Swift_flowUITests.swift */ = {isa = PBXFileReference; lastKnownFileType = sourcecode.swift; path = Swift_flowUITests.swift; sourceTree = "<group>"; };
		E1761C0222112CD000F812BA /* Info.plist */ = {isa = PBXFileReference; lastKnownFileType = text.plist.xml; path = Info.plist; sourceTree = "<group>"; };
		E1B5059222115C5300E552BB /* NextViewController.swift */ = {isa = PBXFileReference; lastKnownFileType = sourcecode.swift; path = NextViewController.swift; sourceTree = "<group>"; };
		E1B5059322115C5300E552BB /* NextViewController.xib */ = {isa = PBXFileReference; lastKnownFileType = file.xib; path = NextViewController.xib; sourceTree = "<group>"; };
		E1EB178D2213F8CC0061C9A3 /* HomeRecommendModel.swift */ = {isa = PBXFileReference; lastKnownFileType = sourcecode.swift; path = HomeRecommendModel.swift; sourceTree = "<group>"; };
		E1EB179022141DF80061C9A3 /* FMRecommendHeaderView.swift */ = {isa = PBXFileReference; lastKnownFileType = sourcecode.swift; path = FMRecommendHeaderView.swift; sourceTree = "<group>"; };
/* End PBXFileReference section */

/* Begin PBXFrameworksBuildPhase section */
		E1761BD722112CD000F812BA /* Frameworks */ = {
			isa = PBXFrameworksBuildPhase;
			buildActionMask = 2147483647;
			files = (
				CEED7EDD25A682E8C4914CA1 /* Pods_Swift_flow.framework in Frameworks */,
			);
			runOnlyForDeploymentPostprocessing = 0;
		};
		E1761BEE22112CD000F812BA /* Frameworks */ = {
			isa = PBXFrameworksBuildPhase;
			buildActionMask = 2147483647;
			files = (
			);
			runOnlyForDeploymentPostprocessing = 0;
		};
		E1761BF922112CD000F812BA /* Frameworks */ = {
			isa = PBXFrameworksBuildPhase;
			buildActionMask = 2147483647;
			files = (
			);
			runOnlyForDeploymentPostprocessing = 0;
		};
/* End PBXFrameworksBuildPhase section */

/* Begin PBXGroup section */
		010FD0715CF9F97BD7CA3292 /* Pods */ = {
			isa = PBXGroup;
			children = (
				7B757FEA6C8CC517D16D3A89 /* Pods-Swift-flow.debug.xcconfig */,
				AA769C7E3E5C066AC0FA0D49 /* Pods-Swift-flow.release.xcconfig */,
			);
			path = Pods;
			sourceTree = "<group>";
		};
		0C785C045BA60F43AB6B4FCF /* Frameworks */ = {
			isa = PBXGroup;
			children = (
				15513CE372D5E5502920C848 /* Pods_Swift_flow.framework */,
			);
			name = Frameworks;
			sourceTree = "<group>";
		};
		D10117CF221541580049097D /* FSPagerView */ = {
			isa = PBXGroup;
			children = (
				D10117D0221541580049097D /* LICENSE */,
				D10117D1221541580049097D /* README-OBJECTIVE-C.md */,
				D10117D2221541580049097D /* Sources */,
			);
			path = FSPagerView;
			sourceTree = "<group>";
		};
		D10117D2221541580049097D /* Sources */ = {
			isa = PBXGroup;
			children = (
				D10117D3221541580049097D /* FSPagerView.swift */,
				D10117D4221541580049097D /* FSPageViewTransformer.swift */,
				D10117D5221541580049097D /* FSPagerViewCell.swift */,
				D10117D6221541580049097D /* FSPagerViewLayoutAttributes.swift */,
				D10117D7221541580049097D /* FSPageViewLayout.swift */,
				D10117D8221541580049097D /* FSPageControl.swift */,
				D10117D9221541580049097D /* FSPagerCollectionView.swift */,
			);
			path = Sources;
			sourceTree = "<group>";
		};
		E11B6C762212B3BC0002FB76 /* resourse */ = {
			isa = PBXGroup;
			children = (
				E11B6CA12212CBDF0002FB76 /* home@2x.png */,
				E11B6C772212B3BC0002FB76 /* Transparent@2x.png */,
				E11B6CA92212CC0F0002FB76 /* find_1@2x.png */,
				E11B6CA72212CC080002FB76 /* favor@2x.png */,
				E11B6CA52212CBFC0002FB76 /* find@2x.png */,
				E11B6CA32212CBF10002FB76 /* tab_play@2x.png */,
			);
			path = resourse;
			sourceTree = "<group>";
		};
		E11B6C792212B3EA0002FB76 /* 喜马拉雅 */ = {
			isa = PBXGroup;
			children = (
				E11B6C962212C6FF0002FB76 /* Find */,
				E11B6C982212C6FF0002FB76 /* Listen */,
				E11B6C952212C6FE0002FB76 /* Mine */,
				E11B6C972212C6FF0002FB76 /* Play */,
				E11B6C7F2212BA5C0002FB76 /* main */,
				E11B6C7A2212B3EA0002FB76 /* Home */,
			);
			path = "喜马拉雅";
			sourceTree = "<group>";
		};
		E11B6C7A2212B3EA0002FB76 /* Home */ = {
			isa = PBXGroup;
			children = (
				E1EB178F22141B4A0061C9A3 /* View */,
				E1EB178A2213F7AB0061C9A3 /* Model */,
				E11B6C7B2212B4070002FB76 /* FMHomeViewController.swift */,
				E11B6CAB2212D00A0002FB76 /* HomeBaseViewController.swift */,
				E11B6CAD2212D0450002FB76 /* HomeRecommendController.swift */,
				E11B6CAF2212D1FC0002FB76 /* HomeVIPController.swift */,
				E11B6CB12212D20F0002FB76 /* HomeLiveController.swift */,
				E11B6CB32212D21F0002FB76 /* HomeBroadcastController.swift */,
				E11B6CB52212D2400002FB76 /* HomeClassifyController.swift */,
			);
			path = Home;
			sourceTree = "<group>";
		};
		E11B6C7F2212BA5C0002FB76 /* main */ = {
			isa = PBXGroup;
			children = (
				E11B6C802212BABD0002FB76 /* YYBasicContentView.swift */,
				E11B6C822212BB620002FB76 /* YYBouncesContentView.swift */,
				E11B6C842212C0AB0002FB76 /* YYIrregularityBasicContentView.swift */,
				E11B6C862212C33D0002FB76 /* YYNavigationController.swift */,
			);
			path = main;
			sourceTree = "<group>";
		};
		E11B6C882212C5080002FB76 /* Lib */ = {
			isa = PBXGroup;
			children = (
				D10117CF221541580049097D /* FSPagerView */,
				E11B6C892212C5080002FB76 /* WRNavigationBar */,
			);
			path = Lib;
			sourceTree = "<group>";
		};
		E11B6C892212C5080002FB76 /* WRNavigationBar */ = {
			isa = PBXGroup;
			children = (
				E11B6C8A2212C5080002FB76 /* WRNavigationBar.swift */,
				E11B6C8B2212C5080002FB76 /* WRCustomNavigationBar.swift */,
				E11B6C8C2212C5080002FB76 /* WRCycleScrollView */,
			);
			path = WRNavigationBar;
			sourceTree = "<group>";
		};
		E11B6C8C2212C5080002FB76 /* WRCycleScrollView */ = {
			isa = PBXGroup;
			children = (
				E11B6C8D2212C5080002FB76 /* WRProxy.swift */,
				E11B6C8E2212C5080002FB76 /* WRCycleScrollView.swift */,
				E11B6C8F2212C5080002FB76 /* WRCycleCell.swift */,
			);
			path = WRCycleScrollView;
			sourceTree = "<group>";
		};
		E11B6C952212C6FE0002FB76 /* Mine */ = {
			isa = PBXGroup;
			children = (
				E11B6C9D2212C76B0002FB76 /* FMMineController.swift */,
			);
			path = Mine;
			sourceTree = "<group>";
		};
		E11B6C962212C6FF0002FB76 /* Find */ = {
			isa = PBXGroup;
			children = (
				E11B6C992212C7380002FB76 /* FMFindController.swift */,
			);
			path = Find;
			sourceTree = "<group>";
		};
		E11B6C972212C6FF0002FB76 /* Play */ = {
			isa = PBXGroup;
			children = (
				E11B6C9F2212C78B0002FB76 /* FMPlayController.swift */,
			);
			path = Play;
			sourceTree = "<group>";
		};
		E11B6C982212C6FF0002FB76 /* Listen */ = {
			isa = PBXGroup;
			children = (
				E11B6C9B2212C7540002FB76 /* FMListenController.swift */,
			);
			path = Listen;
			sourceTree = "<group>";
		};
		E1761BD122112CD000F812BA = {
			isa = PBXGroup;
			children = (
				E11B6C762212B3BC0002FB76 /* resourse */,
				E1761BDC22112CD000F812BA /* Swift-flow */,
				E1761BF422112CD000F812BA /* Swift-flowTests */,
				E1761BFF22112CD000F812BA /* Swift-flowUITests */,
				E1761BDB22112CD000F812BA /* Products */,
				010FD0715CF9F97BD7CA3292 /* Pods */,
				0C785C045BA60F43AB6B4FCF /* Frameworks */,
			);
			sourceTree = "<group>";
		};
		E1761BDB22112CD000F812BA /* Products */ = {
			isa = PBXGroup;
			children = (
				E1761BDA22112CD000F812BA /* Swift-flow.app */,
				E1761BF122112CD000F812BA /* Swift-flowTests.xctest */,
				E1761BFC22112CD000F812BA /* Swift-flowUITests.xctest */,
			);
			name = Products;
			sourceTree = "<group>";
		};
		E1761BDC22112CD000F812BA /* Swift-flow */ = {
			isa = PBXGroup;
			children = (
				E11B6C882212C5080002FB76 /* Lib */,
				E11B6C792212B3EA0002FB76 /* 喜马拉雅 */,
				E1761BDD22112CD000F812BA /* AppDelegate.swift */,
				E1761BDF22112CD000F812BA /* ViewController.swift */,
				E1B5059222115C5300E552BB /* NextViewController.swift */,
				E1B5059322115C5300E552BB /* NextViewController.xib */,
				E11B6C7D2212B6BE0002FB76 /* Const.swift */,
				E1761BE122112CD000F812BA /* Main.storyboard */,
				E1761BE722112CD000F812BA /* Assets.xcassets */,
				E1761BE922112CD000F812BA /* LaunchScreen.storyboard */,
				E1761BEC22112CD000F812BA /* Info.plist */,
				E1761BE422112CD000F812BA /* Swift_flow.xcdatamodeld */,
			);
			path = "Swift-flow";
			sourceTree = "<group>";
		};
		E1761BF422112CD000F812BA /* Swift-flowTests */ = {
			isa = PBXGroup;
			children = (
				E1761BF522112CD000F812BA /* Swift_flowTests.swift */,
				E1761BF722112CD000F812BA /* Info.plist */,
			);
			path = "Swift-flowTests";
			sourceTree = "<group>";
		};
		E1761BFF22112CD000F812BA /* Swift-flowUITests */ = {
			isa = PBXGroup;
			children = (
				E1761C0022112CD000F812BA /* Swift_flowUITests.swift */,
				E1761C0222112CD000F812BA /* Info.plist */,
			);
			path = "Swift-flowUITests";
			sourceTree = "<group>";
		};
		E1EB178A2213F7AB0061C9A3 /* Model */ = {
			isa = PBXGroup;
			children = (
				E1EB178D2213F8CC0061C9A3 /* HomeRecommendModel.swift */,
			);
			path = Model;
			sourceTree = "<group>";
		};
		E1EB178F22141B4A0061C9A3 /* View */ = {
			isa = PBXGroup;
			children = (
				E1EB179022141DF80061C9A3 /* FMRecommendHeaderView.swift */,
				D10117CD221540F50049097D /* FMRecommendHeaderCell.swift */,
			);
			path = View;
			sourceTree = "<group>";
		};
/* End PBXGroup section */

/* Begin PBXNativeTarget section */
		E1761BD922112CD000F812BA /* Swift-flow */ = {
			isa = PBXNativeTarget;
			buildConfigurationList = E1761C0522112CD000F812BA /* Build configuration list for PBXNativeTarget "Swift-flow" */;
			buildPhases = (
				7F2C3BD8CF2853FD3E4A3047 /* [CP] Check Pods Manifest.lock */,
				E1761BD622112CD000F812BA /* Sources */,
				E1761BD722112CD000F812BA /* Frameworks */,
				E1761BD822112CD000F812BA /* Resources */,
				C355E56DCAB20E90CCF289DA /* [CP] Embed Pods Frameworks */,
			);
			buildRules = (
			);
			dependencies = (
			);
			name = "Swift-flow";
			productName = "Swift-flow";
			productReference = E1761BDA22112CD000F812BA /* Swift-flow.app */;
			productType = "com.apple.product-type.application";
		};
		E1761BF022112CD000F812BA /* Swift-flowTests */ = {
			isa = PBXNativeTarget;
			buildConfigurationList = E1761C0822112CD000F812BA /* Build configuration list for PBXNativeTarget "Swift-flowTests" */;
			buildPhases = (
				E1761BED22112CD000F812BA /* Sources */,
				E1761BEE22112CD000F812BA /* Frameworks */,
				E1761BEF22112CD000F812BA /* Resources */,
			);
			buildRules = (
			);
			dependencies = (
				E1761BF322112CD000F812BA /* PBXTargetDependency */,
			);
			name = "Swift-flowTests";
			productName = "Swift-flowTests";
			productReference = E1761BF122112CD000F812BA /* Swift-flowTests.xctest */;
			productType = "com.apple.product-type.bundle.unit-test";
		};
		E1761BFB22112CD000F812BA /* Swift-flowUITests */ = {
			isa = PBXNativeTarget;
			buildConfigurationList = E1761C0B22112CD000F812BA /* Build configuration list for PBXNativeTarget "Swift-flowUITests" */;
			buildPhases = (
				E1761BF822112CD000F812BA /* Sources */,
				E1761BF922112CD000F812BA /* Frameworks */,
				E1761BFA22112CD000F812BA /* Resources */,
			);
			buildRules = (
			);
			dependencies = (
				E1761BFE22112CD000F812BA /* PBXTargetDependency */,
			);
			name = "Swift-flowUITests";
			productName = "Swift-flowUITests";
			productReference = E1761BFC22112CD000F812BA /* Swift-flowUITests.xctest */;
			productType = "com.apple.product-type.bundle.ui-testing";
		};
/* End PBXNativeTarget section */

/* Begin PBXProject section */
		E1761BD222112CD000F812BA /* Project object */ = {
			isa = PBXProject;
			attributes = {
				LastSwiftUpdateCheck = 1010;
				LastUpgradeCheck = 1010;
				ORGANIZATIONNAME = "白蜡树";
				TargetAttributes = {
					E1761BD922112CD000F812BA = {
						CreatedOnToolsVersion = 10.1;
					};
					E1761BF022112CD000F812BA = {
						CreatedOnToolsVersion = 10.1;
						TestTargetID = E1761BD922112CD000F812BA;
					};
					E1761BFB22112CD000F812BA = {
						CreatedOnToolsVersion = 10.1;
						TestTargetID = E1761BD922112CD000F812BA;
					};
				};
			};
			buildConfigurationList = E1761BD522112CD000F812BA /* Build configuration list for PBXProject "Swift-flow" */;
			compatibilityVersion = "Xcode 9.3";
			developmentRegion = en;
			hasScannedForEncodings = 0;
			knownRegions = (
				en,
				Base,
			);
			mainGroup = E1761BD122112CD000F812BA;
			productRefGroup = E1761BDB22112CD000F812BA /* Products */;
			projectDirPath = "";
			projectRoot = "";
			targets = (
				E1761BD922112CD000F812BA /* Swift-flow */,
				E1761BF022112CD000F812BA /* Swift-flowTests */,
				E1761BFB22112CD000F812BA /* Swift-flowUITests */,
			);
		};
/* End PBXProject section */

/* Begin PBXResourcesBuildPhase section */
		E1761BD822112CD000F812BA /* Resources */ = {
			isa = PBXResourcesBuildPhase;
			buildActionMask = 2147483647;
			files = (
				E11B6C782212B3BC0002FB76 /* Transparent@2x.png in Resources */,
				E11B6CAA2212CC0F0002FB76 /* find_1@2x.png in Resources */,
				E11B6CA62212CBFC0002FB76 /* find@2x.png in Resources */,
				E1761BEB22112CD000F812BA /* LaunchScreen.storyboard in Resources */,
				E1B5059522115C5300E552BB /* NextViewController.xib in Resources */,
				D10117DA221541580049097D /* LICENSE in Resources */,
				D10117DB221541580049097D /* README-OBJECTIVE-C.md in Resources */,
				E11B6CA42212CBF10002FB76 /* tab_play@2x.png in Resources */,
				E1761BE822112CD000F812BA /* Assets.xcassets in Resources */,
				E1761BE322112CD000F812BA /* Main.storyboard in Resources */,
				E11B6CA82212CC080002FB76 /* favor@2x.png in Resources */,
				E11B6CA22212CBDF0002FB76 /* home@2x.png in Resources */,
			);
			runOnlyForDeploymentPostprocessing = 0;
		};
		E1761BEF22112CD000F812BA /* Resources */ = {
			isa = PBXResourcesBuildPhase;
			buildActionMask = 2147483647;
			files = (
			);
			runOnlyForDeploymentPostprocessing = 0;
		};
		E1761BFA22112CD000F812BA /* Resources */ = {
			isa = PBXResourcesBuildPhase;
			buildActionMask = 2147483647;
			files = (
			);
			runOnlyForDeploymentPostprocessing = 0;
		};
/* End PBXResourcesBuildPhase section */

/* Begin PBXShellScriptBuildPhase section */
		7F2C3BD8CF2853FD3E4A3047 /* [CP] Check Pods Manifest.lock */ = {
			isa = PBXShellScriptBuildPhase;
			buildActionMask = 2147483647;
			files = (
			);
			inputFileListPaths = (
			);
			inputPaths = (
				"${PODS_PODFILE_DIR_PATH}/Podfile.lock",
				"${PODS_ROOT}/Manifest.lock",
			);
			name = "[CP] Check Pods Manifest.lock";
			outputFileListPaths = (
			);
			outputPaths = (
				"$(DERIVED_FILE_DIR)/Pods-Swift-flow-checkManifestLockResult.txt",
			);
			runOnlyForDeploymentPostprocessing = 0;
			shellPath = /bin/sh;
			shellScript = "diff \"${PODS_PODFILE_DIR_PATH}/Podfile.lock\" \"${PODS_ROOT}/Manifest.lock\" > /dev/null\nif [ $? != 0 ] ; then\n    # print error to STDERR\n    echo \"error: The sandbox is not in sync with the Podfile.lock. Run 'pod install' or update your CocoaPods installation.\" >&2\n    exit 1\nfi\n# This output is used by Xcode 'outputs' to avoid re-running this script phase.\necho \"SUCCESS\" > \"${SCRIPT_OUTPUT_FILE_0}\"\n";
			showEnvVarsInLog = 0;
		};
		C355E56DCAB20E90CCF289DA /* [CP] Embed Pods Frameworks */ = {
			isa = PBXShellScriptBuildPhase;
			buildActionMask = 2147483647;
			files = (
			);
			inputFileListPaths = (
			);
			inputPaths = (
				"${PODS_ROOT}/Target Support Files/Pods-Swift-flow/Pods-Swift-flow-frameworks.sh",
				"${BUILT_PRODUCTS_DIR}/Alamofire/Alamofire.framework",
				"${BUILT_PRODUCTS_DIR}/DNSPageView/DNSPageView.framework",
				"${BUILT_PRODUCTS_DIR}/ESTabBarController-swift/ESTabBarController_swift.framework",
				"${BUILT_PRODUCTS_DIR}/HandyJSON/HandyJSON.framework",
				"${BUILT_PRODUCTS_DIR}/Kingfisher/Kingfisher.framework",
				"${BUILT_PRODUCTS_DIR}/LTScrollView/LTScrollView.framework",
				"${BUILT_PRODUCTS_DIR}/MJRefresh/MJRefresh.framework",
				"${BUILT_PRODUCTS_DIR}/Moya/Moya.framework",
				"${BUILT_PRODUCTS_DIR}/Result/Result.framework",
				"${BUILT_PRODUCTS_DIR}/SVProgressHUD/SVProgressHUD.framework",
				"${BUILT_PRODUCTS_DIR}/SnapKit/SnapKit.framework",
				"${BUILT_PRODUCTS_DIR}/StreamingKit/StreamingKit.framework",
				"${BUILT_PRODUCTS_DIR}/SwiftMessages/SwiftMessages.framework",
				"${BUILT_PRODUCTS_DIR}/SwiftyJSON/SwiftyJSON.framework",
			);
			name = "[CP] Embed Pods Frameworks";
			outputFileListPaths = (
			);
			outputPaths = (
				"${TARGET_BUILD_DIR}/${FRAMEWORKS_FOLDER_PATH}/Alamofire.framework",
				"${TARGET_BUILD_DIR}/${FRAMEWORKS_FOLDER_PATH}/DNSPageView.framework",
				"${TARGET_BUILD_DIR}/${FRAMEWORKS_FOLDER_PATH}/ESTabBarController_swift.framework",
				"${TARGET_BUILD_DIR}/${FRAMEWORKS_FOLDER_PATH}/HandyJSON.framework",
				"${TARGET_BUILD_DIR}/${FRAMEWORKS_FOLDER_PATH}/Kingfisher.framework",
				"${TARGET_BUILD_DIR}/${FRAMEWORKS_FOLDER_PATH}/LTScrollView.framework",
				"${TARGET_BUILD_DIR}/${FRAMEWORKS_FOLDER_PATH}/MJRefresh.framework",
				"${TARGET_BUILD_DIR}/${FRAMEWORKS_FOLDER_PATH}/Moya.framework",
				"${TARGET_BUILD_DIR}/${FRAMEWORKS_FOLDER_PATH}/Result.framework",
				"${TARGET_BUILD_DIR}/${FRAMEWORKS_FOLDER_PATH}/SVProgressHUD.framework",
				"${TARGET_BUILD_DIR}/${FRAMEWORKS_FOLDER_PATH}/SnapKit.framework",
				"${TARGET_BUILD_DIR}/${FRAMEWORKS_FOLDER_PATH}/StreamingKit.framework",
				"${TARGET_BUILD_DIR}/${FRAMEWORKS_FOLDER_PATH}/SwiftMessages.framework",
				"${TARGET_BUILD_DIR}/${FRAMEWORKS_FOLDER_PATH}/SwiftyJSON.framework",
			);
			runOnlyForDeploymentPostprocessing = 0;
			shellPath = /bin/sh;
			shellScript = "\"${PODS_ROOT}/Target Support Files/Pods-Swift-flow/Pods-Swift-flow-frameworks.sh\"\n";
			showEnvVarsInLog = 0;
		};
/* End PBXShellScriptBuildPhase section */

/* Begin PBXSourcesBuildPhase section */
		E1761BD622112CD000F812BA /* Sources */ = {
			isa = PBXSourcesBuildPhase;
			buildActionMask = 2147483647;
			files = (
				E11B6CB42212D21F0002FB76 /* HomeBroadcastController.swift in Sources */,
				E11B6CA02212C78B0002FB76 /* FMPlayController.swift in Sources */,
				E1761BE022112CD000F812BA /* ViewController.swift in Sources */,
				D10117E1221541580049097D /* FSPageControl.swift in Sources */,
				E11B6C7C2212B4070002FB76 /* FMHomeViewController.swift in Sources */,
				E11B6C902212C5080002FB76 /* WRNavigationBar.swift in Sources */,
				E1B5059422115C5300E552BB /* NextViewController.swift in Sources */,
				E11B6C942212C5080002FB76 /* WRCycleCell.swift in Sources */,
				E11B6CB02212D1FC0002FB76 /* HomeVIPController.swift in Sources */,
				D10117CE221540F50049097D /* FMRecommendHeaderCell.swift in Sources */,
				E11B6C812212BABD0002FB76 /* YYBasicContentView.swift in Sources */,
				E11B6C852212C0AB0002FB76 /* YYIrregularityBasicContentView.swift in Sources */,
				E1EB179122141DF80061C9A3 /* FMRecommendHeaderView.swift in Sources */,
				D10117E0221541580049097D /* FSPageViewLayout.swift in Sources */,
				D10117DF221541580049097D /* FSPagerViewLayoutAttributes.swift in Sources */,
				D10117DE221541580049097D /* FSPagerViewCell.swift in Sources */,
				D10117DD221541580049097D /* FSPageViewTransformer.swift in Sources */,
				D10117E2221541580049097D /* FSPagerCollectionView.swift in Sources */,
				E11B6C832212BB620002FB76 /* YYBouncesContentView.swift in Sources */,
				E11B6C932212C5080002FB76 /* WRCycleScrollView.swift in Sources */,
				E11B6CAE2212D0450002FB76 /* HomeRecommendController.swift in Sources */,
				E11B6C9A2212C7380002FB76 /* FMFindController.swift in Sources */,
				E11B6C912212C5080002FB76 /* WRCustomNavigationBar.swift in Sources */,
				E1EB178E2213F8CC0061C9A3 /* HomeRecommendModel.swift in Sources */,
				E11B6CB22212D20F0002FB76 /* HomeLiveController.swift in Sources */,
				E11B6C9C2212C7540002FB76 /* FMListenController.swift in Sources */,
				D10117DC221541580049097D /* FSPagerView.swift in Sources */,
				E1761BDE22112CD000F812BA /* AppDelegate.swift in Sources */,
				E11B6CAC2212D00A0002FB76 /* HomeBaseViewController.swift in Sources */,
				E11B6C922212C5080002FB76 /* WRProxy.swift in Sources */,
				E1761BE622112CD000F812BA /* Swift_flow.xcdatamodeld in Sources */,
				E11B6CB62212D2400002FB76 /* HomeClassifyController.swift in Sources */,
				E11B6C7E2212B6BE0002FB76 /* Const.swift in Sources */,
				E11B6C872212C33D0002FB76 /* YYNavigationController.swift in Sources */,
				E11B6C9E2212C76B0002FB76 /* FMMineController.swift in Sources */,
			);
			runOnlyForDeploymentPostprocessing = 0;
		};
		E1761BED22112CD000F812BA /* Sources */ = {
			isa = PBXSourcesBuildPhase;
			buildActionMask = 2147483647;
			files = (
				E1761BF622112CD000F812BA /* Swift_flowTests.swift in Sources */,
			);
			runOnlyForDeploymentPostprocessing = 0;
		};
		E1761BF822112CD000F812BA /* Sources */ = {
			isa = PBXSourcesBuildPhase;
			buildActionMask = 2147483647;
			files = (
				E1761C0122112CD000F812BA /* Swift_flowUITests.swift in Sources */,
			);
			runOnlyForDeploymentPostprocessing = 0;
		};
/* End PBXSourcesBuildPhase section */

/* Begin PBXTargetDependency section */
		E1761BF322112CD000F812BA /* PBXTargetDependency */ = {
			isa = PBXTargetDependency;
			target = E1761BD922112CD000F812BA /* Swift-flow */;
			targetProxy = E1761BF222112CD000F812BA /* PBXContainerItemProxy */;
		};
		E1761BFE22112CD000F812BA /* PBXTargetDependency */ = {
			isa = PBXTargetDependency;
			target = E1761BD922112CD000F812BA /* Swift-flow */;
			targetProxy = E1761BFD22112CD000F812BA /* PBXContainerItemProxy */;
		};
/* End PBXTargetDependency section */

/* Begin PBXVariantGroup section */
		E1761BE122112CD000F812BA /* Main.storyboard */ = {
			isa = PBXVariantGroup;
			children = (
				E1761BE222112CD000F812BA /* Base */,
			);
			name = Main.storyboard;
			sourceTree = "<group>";
		};
		E1761BE922112CD000F812BA /* LaunchScreen.storyboard */ = {
			isa = PBXVariantGroup;
			children = (
				E1761BEA22112CD000F812BA /* Base */,
			);
			name = LaunchScreen.storyboard;
			sourceTree = "<group>";
		};
/* End PBXVariantGroup section */

/* Begin XCBuildConfiguration section */
		E1761C0322112CD000F812BA /* Debug */ = {
			isa = XCBuildConfiguration;
			buildSettings = {
				ALWAYS_SEARCH_USER_PATHS = NO;
				CLANG_ANALYZER_NONNULL = YES;
				CLANG_ANALYZER_NUMBER_OBJECT_CONVERSION = YES_AGGRESSIVE;
				CLANG_CXX_LANGUAGE_STANDARD = "gnu++14";
				CLANG_CXX_LIBRARY = "libc++";
				CLANG_ENABLE_MODULES = YES;
				CLANG_ENABLE_OBJC_ARC = YES;
				CLANG_ENABLE_OBJC_WEAK = YES;
				CLANG_WARN_BLOCK_CAPTURE_AUTORELEASING = YES;
				CLANG_WARN_BOOL_CONVERSION = YES;
				CLANG_WARN_COMMA = YES;
				CLANG_WARN_CONSTANT_CONVERSION = YES;
				CLANG_WARN_DEPRECATED_OBJC_IMPLEMENTATIONS = YES;
				CLANG_WARN_DIRECT_OBJC_ISA_USAGE = YES_ERROR;
				CLANG_WARN_DOCUMENTATION_COMMENTS = YES;
				CLANG_WARN_EMPTY_BODY = YES;
				CLANG_WARN_ENUM_CONVERSION = YES;
				CLANG_WARN_INFINITE_RECURSION = YES;
				CLANG_WARN_INT_CONVERSION = YES;
				CLANG_WARN_NON_LITERAL_NULL_CONVERSION = YES;
				CLANG_WARN_OBJC_IMPLICIT_RETAIN_SELF = YES;
				CLANG_WARN_OBJC_LITERAL_CONVERSION = YES;
				CLANG_WARN_OBJC_ROOT_CLASS = YES_ERROR;
				CLANG_WARN_RANGE_LOOP_ANALYSIS = YES;
				CLANG_WARN_STRICT_PROTOTYPES = YES;
				CLANG_WARN_SUSPICIOUS_MOVE = YES;
				CLANG_WARN_UNGUARDED_AVAILABILITY = YES_AGGRESSIVE;
				CLANG_WARN_UNREACHABLE_CODE = YES;
				CLANG_WARN__DUPLICATE_METHOD_MATCH = YES;
				CODE_SIGN_IDENTITY = "iPhone Developer";
				COPY_PHASE_STRIP = NO;
				DEBUG_INFORMATION_FORMAT = dwarf;
				ENABLE_STRICT_OBJC_MSGSEND = YES;
				ENABLE_TESTABILITY = YES;
				GCC_C_LANGUAGE_STANDARD = gnu11;
				GCC_DYNAMIC_NO_PIC = NO;
				GCC_NO_COMMON_BLOCKS = YES;
				GCC_OPTIMIZATION_LEVEL = 0;
				GCC_PREPROCESSOR_DEFINITIONS = (
					"DEBUG=1",
					"$(inherited)",
				);
				GCC_WARN_64_TO_32_BIT_CONVERSION = YES;
				GCC_WARN_ABOUT_RETURN_TYPE = YES_ERROR;
				GCC_WARN_UNDECLARED_SELECTOR = YES;
				GCC_WARN_UNINITIALIZED_AUTOS = YES_AGGRESSIVE;
				GCC_WARN_UNUSED_FUNCTION = YES;
				GCC_WARN_UNUSED_VARIABLE = YES;
				IPHONEOS_DEPLOYMENT_TARGET = 12.1;
				MTL_ENABLE_DEBUG_INFO = INCLUDE_SOURCE;
				MTL_FAST_MATH = YES;
				ONLY_ACTIVE_ARCH = YES;
				SDKROOT = iphoneos;
				SWIFT_ACTIVE_COMPILATION_CONDITIONS = DEBUG;
				SWIFT_OPTIMIZATION_LEVEL = "-Onone";
				SWIFT_VERSION = 4.0;
			};
			name = Debug;
		};
		E1761C0422112CD000F812BA /* Release */ = {
			isa = XCBuildConfiguration;
			buildSettings = {
				ALWAYS_SEARCH_USER_PATHS = NO;
				CLANG_ANALYZER_NONNULL = YES;
				CLANG_ANALYZER_NUMBER_OBJECT_CONVERSION = YES_AGGRESSIVE;
				CLANG_CXX_LANGUAGE_STANDARD = "gnu++14";
				CLANG_CXX_LIBRARY = "libc++";
				CLANG_ENABLE_MODULES = YES;
				CLANG_ENABLE_OBJC_ARC = YES;
				CLANG_ENABLE_OBJC_WEAK = YES;
				CLANG_WARN_BLOCK_CAPTURE_AUTORELEASING = YES;
				CLANG_WARN_BOOL_CONVERSION = YES;
				CLANG_WARN_COMMA = YES;
				CLANG_WARN_CONSTANT_CONVERSION = YES;
				CLANG_WARN_DEPRECATED_OBJC_IMPLEMENTATIONS = YES;
				CLANG_WARN_DIRECT_OBJC_ISA_USAGE = YES_ERROR;
				CLANG_WARN_DOCUMENTATION_COMMENTS = YES;
				CLANG_WARN_EMPTY_BODY = YES;
				CLANG_WARN_ENUM_CONVERSION = YES;
				CLANG_WARN_INFINITE_RECURSION = YES;
				CLANG_WARN_INT_CONVERSION = YES;
				CLANG_WARN_NON_LITERAL_NULL_CONVERSION = YES;
				CLANG_WARN_OBJC_IMPLICIT_RETAIN_SELF = YES;
				CLANG_WARN_OBJC_LITERAL_CONVERSION = YES;
				CLANG_WARN_OBJC_ROOT_CLASS = YES_ERROR;
				CLANG_WARN_RANGE_LOOP_ANALYSIS = YES;
				CLANG_WARN_STRICT_PROTOTYPES = YES;
				CLANG_WARN_SUSPICIOUS_MOVE = YES;
				CLANG_WARN_UNGUARDED_AVAILABILITY = YES_AGGRESSIVE;
				CLANG_WARN_UNREACHABLE_CODE = YES;
				CLANG_WARN__DUPLICATE_METHOD_MATCH = YES;
				CODE_SIGN_IDENTITY = "iPhone Developer";
				COPY_PHASE_STRIP = NO;
				DEBUG_INFORMATION_FORMAT = "dwarf-with-dsym";
				ENABLE_NS_ASSERTIONS = NO;
				ENABLE_STRICT_OBJC_MSGSEND = YES;
				GCC_C_LANGUAGE_STANDARD = gnu11;
				GCC_NO_COMMON_BLOCKS = YES;
				GCC_WARN_64_TO_32_BIT_CONVERSION = YES;
				GCC_WARN_ABOUT_RETURN_TYPE = YES_ERROR;
				GCC_WARN_UNDECLARED_SELECTOR = YES;
				GCC_WARN_UNINITIALIZED_AUTOS = YES_AGGRESSIVE;
				GCC_WARN_UNUSED_FUNCTION = YES;
				GCC_WARN_UNUSED_VARIABLE = YES;
				IPHONEOS_DEPLOYMENT_TARGET = 12.1;
				MTL_ENABLE_DEBUG_INFO = NO;
				MTL_FAST_MATH = YES;
				SDKROOT = iphoneos;
				SWIFT_COMPILATION_MODE = wholemodule;
				SWIFT_OPTIMIZATION_LEVEL = "-O";
				SWIFT_VERSION = 4.0;
				VALIDATE_PRODUCT = YES;
			};
			name = Release;
		};
		E1761C0622112CD000F812BA /* Debug */ = {
			isa = XCBuildConfiguration;
			baseConfigurationReference = 7B757FEA6C8CC517D16D3A89 /* Pods-Swift-flow.debug.xcconfig */;
			buildSettings = {
				ASSETCATALOG_COMPILER_APPICON_NAME = AppIcon;
				CODE_SIGN_STYLE = Automatic;
				INFOPLIST_FILE = "Swift-flow/Info.plist";
				LD_RUNPATH_SEARCH_PATHS = (
					"$(inherited)",
					"@executable_path/Frameworks",
				);
				PRODUCT_BUNDLE_IDENTIFIER = "bailashuDeveloper.Swift-flow";
				PRODUCT_NAME = "$(TARGET_NAME)";
				SWIFT_VERSION = 4.0;
				TARGETED_DEVICE_FAMILY = "1,2";
			};
			name = Debug;
		};
		E1761C0722112CD000F812BA /* Release */ = {
			isa = XCBuildConfiguration;
			baseConfigurationReference = AA769C7E3E5C066AC0FA0D49 /* Pods-Swift-flow.release.xcconfig */;
			buildSettings = {
				ASSETCATALOG_COMPILER_APPICON_NAME = AppIcon;
				CODE_SIGN_STYLE = Automatic;
				INFOPLIST_FILE = "Swift-flow/Info.plist";
				LD_RUNPATH_SEARCH_PATHS = (
					"$(inherited)",
					"@executable_path/Frameworks",
				);
				PRODUCT_BUNDLE_IDENTIFIER = "bailashuDeveloper.Swift-flow";
				PRODUCT_NAME = "$(TARGET_NAME)";
				SWIFT_VERSION = 4.0;
				TARGETED_DEVICE_FAMILY = "1,2";
			};
			name = Release;
		};
		E1761C0922112CD000F812BA /* Debug */ = {
			isa = XCBuildConfiguration;
			buildSettings = {
				ALWAYS_EMBED_SWIFT_STANDARD_LIBRARIES = YES;
				BUNDLE_LOADER = "$(TEST_HOST)";
				CODE_SIGN_STYLE = Automatic;
				INFOPLIST_FILE = "Swift-flowTests/Info.plist";
				LD_RUNPATH_SEARCH_PATHS = (
					"$(inherited)",
					"@executable_path/Frameworks",
					"@loader_path/Frameworks",
				);
				PRODUCT_BUNDLE_IDENTIFIER = "bailashuDeveloper.Swift-flowTests";
				PRODUCT_NAME = "$(TARGET_NAME)";
				SWIFT_VERSION = 4.2;
				TARGETED_DEVICE_FAMILY = "1,2";
				TEST_HOST = "$(BUILT_PRODUCTS_DIR)/Swift-flow.app/Swift-flow";
			};
			name = Debug;
		};
		E1761C0A22112CD000F812BA /* Release */ = {
			isa = XCBuildConfiguration;
			buildSettings = {
				ALWAYS_EMBED_SWIFT_STANDARD_LIBRARIES = YES;
				BUNDLE_LOADER = "$(TEST_HOST)";
				CODE_SIGN_STYLE = Automatic;
				INFOPLIST_FILE = "Swift-flowTests/Info.plist";
				LD_RUNPATH_SEARCH_PATHS = (
					"$(inherited)",
					"@executable_path/Frameworks",
					"@loader_path/Frameworks",
				);
				PRODUCT_BUNDLE_IDENTIFIER = "bailashuDeveloper.Swift-flowTests";
				PRODUCT_NAME = "$(TARGET_NAME)";
				SWIFT_VERSION = 4.2;
				TARGETED_DEVICE_FAMILY = "1,2";
				TEST_HOST = "$(BUILT_PRODUCTS_DIR)/Swift-flow.app/Swift-flow";
			};
			name = Release;
		};
		E1761C0C22112CD000F812BA /* Debug */ = {
			isa = XCBuildConfiguration;
			buildSettings = {
				ALWAYS_EMBED_SWIFT_STANDARD_LIBRARIES = YES;
				CODE_SIGN_STYLE = Automatic;
				INFOPLIST_FILE = "Swift-flowUITests/Info.plist";
				LD_RUNPATH_SEARCH_PATHS = (
					"$(inherited)",
					"@executable_path/Frameworks",
					"@loader_path/Frameworks",
				);
				PRODUCT_BUNDLE_IDENTIFIER = "bailashuDeveloper.Swift-flowUITests";
				PRODUCT_NAME = "$(TARGET_NAME)";
				SWIFT_VERSION = 4.2;
				TARGETED_DEVICE_FAMILY = "1,2";
				TEST_TARGET_NAME = "Swift-flow";
			};
			name = Debug;
		};
		E1761C0D22112CD000F812BA /* Release */ = {
			isa = XCBuildConfiguration;
			buildSettings = {
				ALWAYS_EMBED_SWIFT_STANDARD_LIBRARIES = YES;
				CODE_SIGN_STYLE = Automatic;
				INFOPLIST_FILE = "Swift-flowUITests/Info.plist";
				LD_RUNPATH_SEARCH_PATHS = (
					"$(inherited)",
					"@executable_path/Frameworks",
					"@loader_path/Frameworks",
				);
				PRODUCT_BUNDLE_IDENTIFIER = "bailashuDeveloper.Swift-flowUITests";
				PRODUCT_NAME = "$(TARGET_NAME)";
				SWIFT_VERSION = 4.2;
				TARGETED_DEVICE_FAMILY = "1,2";
				TEST_TARGET_NAME = "Swift-flow";
			};
			name = Release;
		};
/* End XCBuildConfiguration section */

/* Begin XCConfigurationList section */
		E1761BD522112CD000F812BA /* Build configuration list for PBXProject "Swift-flow" */ = {
			isa = XCConfigurationList;
			buildConfigurations = (
				E1761C0322112CD000F812BA /* Debug */,
				E1761C0422112CD000F812BA /* Release */,
			);
			defaultConfigurationIsVisible = 0;
			defaultConfigurationName = Release;
		};
		E1761C0522112CD000F812BA /* Build configuration list for PBXNativeTarget "Swift-flow" */ = {
			isa = XCConfigurationList;
			buildConfigurations = (
				E1761C0622112CD000F812BA /* Debug */,
				E1761C0722112CD000F812BA /* Release */,
			);
			defaultConfigurationIsVisible = 0;
			defaultConfigurationName = Release;
		};
		E1761C0822112CD000F812BA /* Build configuration list for PBXNativeTarget "Swift-flowTests" */ = {
			isa = XCConfigurationList;
			buildConfigurations = (
				E1761C0922112CD000F812BA /* Debug */,
				E1761C0A22112CD000F812BA /* Release */,
			);
			defaultConfigurationIsVisible = 0;
			defaultConfigurationName = Release;
		};
		E1761C0B22112CD000F812BA /* Build configuration list for PBXNativeTarget "Swift-flowUITests" */ = {
			isa = XCConfigurationList;
			buildConfigurations = (
				E1761C0C22112CD000F812BA /* Debug */,
				E1761C0D22112CD000F812BA /* Release */,
			);
			defaultConfigurationIsVisible = 0;
			defaultConfigurationName = Release;
		};
/* End XCConfigurationList section */

/* Begin XCVersionGroup section */
		E1761BE422112CD000F812BA /* Swift_flow.xcdatamodeld */ = {
			isa = XCVersionGroup;
			children = (
				E1761BE522112CD000F812BA /* Swift_flow.xcdatamodel */,
			);
			currentVersion = E1761BE522112CD000F812BA /* Swift_flow.xcdatamodel */;
			path = Swift_flow.xcdatamodeld;
			sourceTree = "<group>";
			versionGroupType = wrapper.xcdatamodel;
		};
/* End XCVersionGroup section */
	};
	rootObject = E1761BD222112CD000F812BA /* Project object */;
}
